{
    "_readme": [
        "This file locks the dependencies of your project to a known state",
        "Read more about it at https://getcomposer.org/doc/01-basic-usage.md#installing-dependencies",
        "This file is @generated automatically"
    ],
    "content-hash": "cb54fe87a1ec868ca2b429e61b775bab",
    "packages": [],
    "packages-dev": [
        {
            "name": "opis/json-schema",
            "version": "2.6.0",
            "source": {
                "type": "git",
                "url": "https://github.com/opis/json-schema.git",
                "reference": "8458763e0dd0b6baa310e04f1829fc73da4e8c8a"
            },
            "dist": {
                "type": "zip",
                "url": "https://api.github.com/repos/opis/json-schema/zipball/8458763e0dd0b6baa310e04f1829fc73da4e8c8a",
                "reference": "8458763e0dd0b6baa310e04f1829fc73da4e8c8a",
                "shasum": ""
            },
            "require": {
                "ext-json": "*",
                "opis/string": "^2.1",
                "opis/uri": "^1.0",
                "php": "^7.4 || ^8.0"
            },
            "require-dev": {
                "ext-bcmath": "*",
                "ext-intl": "*",
                "phpunit/phpunit": "^9.0"
            },
            "type": "library",
            "extra": {
                "branch-alias": {
                    "dev-master": "2.x-dev"
                }
            },
            "autoload": {
                "psr-4": {
                    "Opis\\JsonSchema\\": "src/"
                }
            },
            "notification-url": "https://packagist.org/downloads/",
            "license": [
                "Apache-2.0"
            ],
            "authors": [
                {
                    "name": "Sorin Sarca",
                    "email": "sarca_sorin@hotmail.com"
                },
                {
                    "name": "Marius Sarca",
                    "email": "marius.sarca@gmail.com"
                }
            ],
            "description": "Json Schema Validator for PHP",
            "homepage": "https://opis.io/json-schema",
            "keywords": [
                "json",
                "json-schema",
                "schema",
                "validation",
                "validator"
            ],
            "support": {
                "issues": "https://github.com/opis/json-schema/issues",
                "source": "https://github.com/opis/json-schema/tree/2.6.0"
            },
            "time": "2025-10-17T12:46:48+00:00"
        },
        {
            "name": "opis/string",
            "version": "2.1.0",
            "source": {
                "type": "git",
                "url": "https://github.com/opis/string.git",
                "reference": "3e4d2aaff518ac518530b89bb26ed40f4503635e"
            },
            "dist": {
                "type": "zip",
                "url": "https://api.github.com/repos/opis/string/zipball/3e4d2aaff518ac518530b89bb26ed40f4503635e",
                "reference": "3e4d2aaff518ac518530b89bb26ed40f4503635e",
                "shasum": ""
            },
            "require": {
                "ext-iconv": "*",
                "ext-json": "*",
                "php": "^7.4 || ^8.0"
            },
            "require-dev": {
                "phpunit/phpunit": "^9.0"
            },
            "type": "library",
            "extra": {
                "branch-alias": {
                    "dev-master": "2.x-dev"
                }
            },
            "autoload": {
                "psr-4": {
                    "Opis\\String\\": "src/"
                }
            },
            "notification-url": "https://packagist.org/downloads/",
            "license": [
                "Apache-2.0"
            ],
            "authors": [
                {
                    "name": "Marius Sarca",
                    "email": "marius.sarca@gmail.com"
                },
                {
                    "name": "Sorin Sarca",
                    "email": "sarca_sorin@hotmail.com"
                }
            ],
            "description": "Multibyte strings as objects",
            "homepage": "https://opis.io/string",
            "keywords": [
                "multi-byte",
                "opis",
                "string",
                "string manipulation",
                "utf-8"
            ],
            "support": {
                "issues": "https://github.com/opis/string/issues",
                "source": "https://github.com/opis/string/tree/2.1.0"
            },
            "time": "2025-10-17T12:38:41+00:00"
        },
        {
            "name": "opis/uri",
            "version": "1.1.0",
            "source": {
                "type": "git",
                "url": "https://github.com/opis/uri.git",
                "reference": "0f3ca49ab1a5e4a6681c286e0b2cc081b93a7d5a"
            },
            "dist": {
                "type": "zip",
                "url": "https://api.github.com/repos/opis/uri/zipball/0f3ca49ab1a5e4a6681c286e0b2cc081b93a7d5a",
                "reference": "0f3ca49ab1a5e4a6681c286e0b2cc081b93a7d5a",
                "shasum": ""
            },
            "require": {
                "opis/string": "^2.0",
                "php": "^7.4 || ^8.0"
            },
            "require-dev": {
                "phpunit/phpunit": "^9"
            },
            "type": "library",
            "extra": {
                "branch-alias": {
                    "dev-master": "1.x-dev"
                }
            },
            "autoload": {
                "psr-4": {
                    "Opis\\Uri\\": "src/"
                }
            },
            "notification-url": "https://packagist.org/downloads/",
            "license": [
                "Apache-2.0"
            ],
            "authors": [
                {
                    "name": "Marius Sarca",
                    "email": "marius.sarca@gmail.com"
                },
                {
                    "name": "Sorin Sarca",
                    "email": "sarca_sorin@hotmail.com"
                }
            ],
            "description": "Build, parse and validate URIs and URI-templates",
            "homepage": "https://opis.io",
            "keywords": [
                "URI Template",
                "parse url",
                "punycode",
                "uri",
                "uri components",
                "url",
                "validate uri"
            ],
            "support": {
                "issues": "https://github.com/opis/uri/issues",
                "source": "https://github.com/opis/uri/tree/1.1.0"
            },
            "time": "2021-05-22T15:57:08+00:00"
        },
        {
            "name": "phpstan/phpstan",
            "version": "2.2.5",
            "dist": {
                "type": "zip",
                "url": "https://api.github.com/repos/phpstan/phpstan/zipball/909c1e5fef7989ac0d0c1c5c42e32a5c4f6198a0",
                "reference": "909c1e5fef7989ac0d0c1c5c42e32a5c4f6198a0",
                "shasum": ""
            },
            "require": {
                "php": "^7.4|^8.0"
            },
            "conflict": {
                "phpstan/phpstan-shim": "*"
            },
            "bin": [
                "phpstan",
                "phpstan.phar"
            ],
            "type": "library",
            "autoload": {
                "files": [
                    "bootstrap.php"
                ]
            },
            "notification-url": "https://packagist.org/downloads/",
            "license": [
                "MIT"
            ],
            "authors": [
                {
                    "name": "Ondřej Mirtes"
                },
                {
                    "name": "Markus Staab"
                },
                {
                    "name": "Vincent Langlet"
                }
            ],
            "description": "PHPStan - PHP Static Analysis Tool",
            "keywords": [
                "dev",
                "static analysis"
            ],
            "support": {
                "docs": "https://phpstan.org/user-guide/getting-started",
                "forum": "https://github.com/phpstan/phpstan/discussions",
                "issues": "https://github.com/phpstan/phpstan/issues",
                "security": "https://github.com/phpstan/phpstan/security/policy",
                "source": "https://github.com/phpstan/phpstan-src"
            },
            "funding": [
                {
                    "url": "https://github.com/ondrejmirtes",
                    "type": "github"
                },
                {
                    "url": "https://github.com/phpstan",
                    "type": "github"
                }
            ],
            "time": "2026-07-05T06:31:06+00:00"
        },
        {
            "name": "squizlabs/php_codesniffer",
            "version": "3.13.6",
            "source": {
                "type": "git",
                "url": "https://github.com/PHPCSStandards/PHP_CodeSniffer.git",
                "reference": "4c378e1a528ea066890fc2397cbdd2f94eb2fc91"
            },
            "dist": {
                "type": "zip",
                "url": "https://api.github.com/repos/PHPCSStandards/PHP_CodeSniffer/zipball/4c378e1a528ea066890fc2397cbdd2f94eb2fc91",
                "reference": "4c378e1a528ea066890fc2397cbdd2f94eb2fc91",
                "shasum": ""
            },
            "require": {
                "ext-simplexml": "*",
                "ext-tokenizer": "*",
                "ext-xmlwriter": "*",
                "php": ">=5.4.0"
            },
            "require-dev": {
                "phpunit/phpunit": "^4.0 || ^5.0 || ^6.0 || ^7.0 || ^8.0 || ^9.3.4"
            },
            "bin": [
                "bin/phpcbf",
                "bin/phpcs"
            ],
            "type": "library",
            "notification-url": "https://packagist.org/downloads/",
            "license": [
                "BSD-3-Clause"
            ],
            "authors": [
                {
                    "name": "Greg Sherwood",
                    "role": "Former lead"
                },
                {
                    "name": "Juliette Reinders Folmer",
                    "role": "Current lead"
                },
                {
                    "name": "Contributors",
                    "homepage": "https://github.com/PHPCSStandards/PHP_CodeSniffer/graphs/contributors"
                }
            ],
            "description": "PHP_CodeSniffer tokenizes PHP, JavaScript and CSS files and detects violations of a defined set of coding standards.",
            "homepage": "https://github.com/PHPCSStandards/PHP_CodeSniffer",
            "keywords": [
                "phpcs",
                "standards",
                "static analysis"
            ],
            "support": {
                "issues": "https://github.com/PHPCSStandards/PHP_CodeSniffer/issues",
                "security": "https://github.com/PHPCSStandards/PHP_CodeSniffer/security/policy",
                "source": "https://github.com/PHPCSStandards/PHP_CodeSniffer",
                "wiki": "https://github.com/PHPCSStandards/PHP_CodeSniffer/wiki"
            },
            "funding": [
                {
                    "url": "https://github.com/PHPCSStandards",
                    "type": "github"
                },
                {
                    "url": "https://github.com/jrfnl",
                    "type": "github"
                },
                {
                    "url": "https://opencollective.com/php_codesniffer",
                    "type": "open_collective"
                },
                {
                    "url": "https://thanks.dev/u/gh/phpcsstandards",
                    "type": "thanks_dev"
                }
            ],
            "time": "2026-08-06T00:17:32+00:00"
        }
    ],
    "aliases": [],
    "minimum-stability": "stable",
    "stability-flags": {},
    "prefer-stable": false,
    "prefer-lowest": false,
    "platform": {
        "php": ">=8.2"
    },
    "platform-dev": {},
    "plugin-api-version": "2.9.0"
}
